{
  "R": {
    "Version": "4.5.0",
    "Repositories": [
      {
        "Name": "BioCsoft",
        "URL": "https://bioconductor.org/packages/3.21/bioc"
      },
      {
        "Name": "BioCann",
        "URL": "https://bioconductor.org/packages/3.21/data/annotation"
      },
      {
        "Name": "BioCexp",
        "URL": "https://bioconductor.org/packages/3.21/data/experiment"
      },
      {
        "Name": "BioCworkflows",
        "URL": "https://bioconductor.org/packages/3.21/workflows"
      },
      {
        "Name": "BioCbooks",
        "URL": "https://bioconductor.org/packages/3.21/books"
      },
      {
        "Name": "CRAN",
        "URL": "https://cloud.r-project.org"
      }
    ]
  },
  "Bioconductor": {
    "Version": "3.21"
  },
  "Packages": {
    "BiocManager": {
      "Package": "BiocManager",
      "Version": "1.30.25",
      "Source": "Repository",
      "Title": "Access the Bioconductor Project Package Repository",
      "Description": "A convenient tool to install and update Bioconductor packages.",
      "Authors@R": "c( person(\"Martin\", \"Morgan\", email = \"martin.morgan@roswellpark.org\", role = \"aut\", comment = c(ORCID = \"0000-0002-5874-8148\")), person(\"Marcel\", \"Ramos\", email = \"marcel.ramos@sph.cuny.edu\", role = c(\"aut\", \"cre\"), comment = c(ORCID = \"0000-0002-3242-0582\")))",
      "Imports": [
        "utils"
      ],
      "Suggests": [
        "BiocVersion",
        "BiocStyle",
        "remotes",
        "rmarkdown",
        "testthat",
        "withr",
        "curl",
        "knitr"
      ],
      "URL": "https://bioconductor.github.io/BiocManager/",
      "BugReports": "https://github.com/Bioconductor/BiocManager/issues",
      "VignetteBuilder": "knitr",
      "License": "Artistic-2.0",
      "Encoding": "UTF-8",
      "RoxygenNote": "7.3.1",
      "NeedsCompilation": "no",
      "Author": "Martin Morgan [aut] (<https://orcid.org/0000-0002-5874-8148>), Marcel Ramos [aut, cre] (<https://orcid.org/0000-0002-3242-0582>)",
      "Maintainer": "Marcel Ramos <marcel.ramos@sph.cuny.edu>",
      "Repository": "https://packagemanager.posit.co/cran/latest"
    },
    "BiocVersion": {
      "Package": "BiocVersion",
      "Version": "3.21.1",
      "Source": "Bioconductor",
      "Title": "Set the appropriate version of Bioconductor packages",
      "Description": "This package provides repository information for the appropriate version of Bioconductor.",
      "Authors@R": "c( person(\"Martin\", \"Morgan\", email = \"martin.morgan@roswellpark.org\", role = \"aut\"), person(\"Marcel\", \"Ramos\", email = \"marcel.ramos@sph.cuny.edu\", role = \"ctb\"), person(\"Bioconductor\", \"Package Maintainer\", email  = \"maintainer@bioconductor.org\", role = c(\"ctb\", \"cre\")))",
      "biocViews": "Infrastructure",
      "Depends": [
        "R (>= 4.5.0)"
      ],
      "License": "Artistic-2.0",
      "Encoding": "UTF-8",
      "RoxygenNote": "6.0.1",
      "git_url": "https://git.bioconductor.org/packages/BiocVersion",
      "git_branch": "devel",
      "git_last_commit": "1e5e5af",
      "git_last_commit_date": "2024-10-29",
      "Repository": "Bioconductor 3.21",
      "NeedsCompilation": "no",
      "Author": "Martin Morgan [aut], Marcel Ramos [ctb], Bioconductor Package Maintainer [ctb, cre]",
      "Maintainer": "Bioconductor Package Maintainer <maintainer@bioconductor.org>"
    },
    "edgeR": {
      "Package": "edgeR",
      "Version": "4.6.2",
      "Source": "Bioconductor",
      "Date": "2025-05-03",
      "Title": "Empirical Analysis of Digital Gene Expression Data in R",
      "Description": "Differential expression analysis of sequence count data. Implements a range of statistical methodology based on the negative binomial distributions, including empirical Bayes estimation, exact tests, generalized linear models, quasi-likelihood, and gene set enrichment. Can perform differential analyses of any type of omics data that produces read counts, including RNA-seq, ChIP-seq, ATAC-seq, Bisulfite-seq, SAGE, CAGE, metabolomics, or proteomics spectral counts. RNA-seq analyses can be conducted at the gene or isoform level, and tests can be conducted for differential exon or transcript usage.",
      "Author": "Yunshun Chen, Lizhong Chen, Aaron TL Lun, Davis J McCarthy, Pedro Baldoni, Matthew E Ritchie, Belinda Phipson, Yifang Hu, Xiaobei Zhou, Mark D Robinson, Gordon K Smyth",
      "Maintainer": "Yunshun Chen <yuchen@wehi.edu.au>, Gordon Smyth <smyth@wehi.edu.au>, Aaron Lun <infinite.monkeys.with.keyboards@gmail.com>, Mark Robinson <mark.robinson@imls.uzh.ch>",
      "License": "GPL (>=2)",
      "Depends": [
        "R (>= 3.6.0)",
        "limma (>= 3.63.6)"
      ],
      "Imports": [
        "methods",
        "graphics",
        "stats",
        "utils",
        "locfit"
      ],
      "Suggests": [
        "jsonlite",
        "knitr",
        "Matrix",
        "readr",
        "rhdf5",
        "SeuratObject",
        "splines",
        "AnnotationDbi",
        "Biobase",
        "BiocStyle",
        "org.Hs.eg.db",
        "SummarizedExperiment"
      ],
      "VignetteBuilder": "knitr",
      "URL": "https://bioinf.wehi.edu.au/edgeR/, https://bioconductor.org/packages/edgeR",
      "biocViews": "AlternativeSplicing, BatchEffect, Bayesian, BiomedicalInformatics, CellBiology, ChIPSeq, Clustering, Coverage, DifferentialExpression, DifferentialMethylation, DifferentialSplicing, DNAMethylation, Epigenetics, FunctionalGenomics, GeneExpression, GeneSetEnrichment, Genetics, Genetics, ImmunoOncology, MultipleComparison, Normalization, Pathways, Proteomics, QualityControl, Regression, RNASeq, SAGE, Sequencing, SingleCell, SystemsBiology, TimeCourse, Transcription, Transcriptomics",
      "NeedsCompilation": "yes",
      "git_url": "https://git.bioconductor.org/packages/edgeR",
      "git_branch": "RELEASE_3_21",
      "git_last_commit": "4974bef",
      "git_last_commit_date": "2025-05-02",
      "Repository": "Bioconductor 3.21"
    },
    "lattice": {
      "Package": "lattice",
      "Version": "0.22-6",
      "Source": "Repository",
      "Date": "2024-03-20",
      "Priority": "recommended",
      "Title": "Trellis Graphics for R",
      "Authors@R": "c(person(\"Deepayan\", \"Sarkar\", role = c(\"aut\", \"cre\"), email = \"deepayan.sarkar@r-project.org\", comment = c(ORCID = \"0000-0003-4107-1553\")), person(\"Felix\", \"Andrews\", role = \"ctb\"), person(\"Kevin\", \"Wright\", role = \"ctb\", comment = \"documentation\"), person(\"Neil\", \"Klepeis\", role = \"ctb\"), person(\"Johan\", \"Larsson\", role = \"ctb\", comment = \"miscellaneous improvements\"), person(\"Zhijian (Jason)\", \"Wen\", role = \"cph\", comment = \"filled contour code\"), person(\"Paul\", \"Murrell\", role = \"ctb\", email = \"paul@stat.auckland.ac.nz\"), person(\"Stefan\", \"Eng\", role = \"ctb\", comment = \"violin plot improvements\"), person(\"Achim\", \"Zeileis\", role = \"ctb\", comment = \"modern colors\"), person(\"Alexandre\", \"Courtiol\", role = \"ctb\", comment = \"generics for larrows, lpolygon, lrect and lsegments\") )",
      "Description": "A powerful and elegant high-level data visualization system inspired by Trellis graphics, with an emphasis on multivariate data. Lattice is sufficient for typical graphics needs, and is also flexible enough to handle most nonstandard requirements. See ?Lattice for an introduction.",
      "Depends": [
        "R (>= 4.0.0)"
      ],
      "Suggests": [
        "KernSmooth",
        "MASS",
        "latticeExtra",
        "colorspace"
      ],
      "Imports": [
        "grid",
        "grDevices",
        "graphics",
        "stats",
        "utils"
      ],
      "Enhances": [
        "chron",
        "zoo"
      ],
      "LazyLoad": "yes",
      "LazyData": "yes",
      "License": "GPL (>= 2)",
      "URL": "https://lattice.r-forge.r-project.org/",
      "BugReports": "https://github.com/deepayan/lattice/issues",
      "NeedsCompilation": "yes",
      "Author": "Deepayan Sarkar [aut, cre] (<https://orcid.org/0000-0003-4107-1553>), Felix Andrews [ctb], Kevin Wright [ctb] (documentation), Neil Klepeis [ctb], Johan Larsson [ctb] (miscellaneous improvements), Zhijian (Jason) Wen [cph] (filled contour code), Paul Murrell [ctb], Stefan Eng [ctb] (violin plot improvements), Achim Zeileis [ctb] (modern colors), Alexandre Courtiol [ctb] (generics for larrows, lpolygon, lrect and lsegments)",
      "Maintainer": "Deepayan Sarkar <deepayan.sarkar@r-project.org>",
      "Repository": "CRAN"
    },
    "limma": {
      "Package": "limma",
      "Version": "3.64.1",
      "Source": "Bioconductor",
      "Date": "2025-05-21",
      "Title": "Linear Models for Microarray and Omics Data",
      "Description": "Data analysis, linear models and differential expression for omics data.",
      "Author": "Gordon Smyth [cre,aut], Yifang Hu [ctb], Matthew Ritchie [ctb], Jeremy Silver [ctb], James Wettenhall [ctb], Davis McCarthy [ctb], Di Wu [ctb], Wei Shi [ctb], Belinda Phipson [ctb], Aaron Lun [ctb], Natalie Thorne [ctb], Alicia Oshlack [ctb], Carolyn de Graaf [ctb], Yunshun Chen [ctb], Goknur Giner [ctb], Mette Langaas [ctb], Egil Ferkingstad [ctb], Marcus Davy [ctb], Francois Pepin [ctb], Dongseok Choi [ctb], Charity Law [ctb], Mengbo Li [ctb], Lizhong Chen [ctb]",
      "Maintainer": "Gordon Smyth <smyth@wehi.edu.au>",
      "License": "GPL (>=2)",
      "Depends": [
        "R (>= 3.6.0)"
      ],
      "Imports": [
        "grDevices",
        "graphics",
        "stats",
        "utils",
        "methods",
        "statmod"
      ],
      "Suggests": [
        "BiasedUrn",
        "ellipse",
        "gplots",
        "knitr",
        "locfit",
        "MASS",
        "splines",
        "affy",
        "AnnotationDbi",
        "Biobase",
        "BiocStyle",
        "GO.db",
        "illuminaio",
        "org.Hs.eg.db",
        "vsn"
      ],
      "VignetteBuilder": "knitr",
      "URL": "https://bioinf.wehi.edu.au/limma/",
      "biocViews": "ExonArray, GeneExpression, Transcription, AlternativeSplicing, DifferentialExpression, DifferentialSplicing, GeneSetEnrichment, DataImport, Bayesian, Clustering, Regression, TimeCourse, Microarray, MicroRNAArray, mRNAMicroarray, OneChannel, ProprietaryPlatforms, TwoChannel, Sequencing, RNASeq, BatchEffect, MultipleComparison, Normalization, Preprocessing, QualityControl, BiomedicalInformatics, CellBiology, Cheminformatics, Epigenetics, FunctionalGenomics, Genetics, ImmunoOncology, Metabolomics, Proteomics, SystemsBiology, Transcriptomics",
      "git_url": "https://git.bioconductor.org/packages/limma",
      "git_branch": "RELEASE_3_21",
      "git_last_commit": "2f25b33",
      "git_last_commit_date": "2025-05-21",
      "Repository": "Bioconductor 3.21",
      "NeedsCompilation": "yes"
    },
    "locfit": {
      "Package": "locfit",
      "Version": "1.5-9.12",
      "Source": "Repository",
      "Title": "Local Regression, Likelihood and Density Estimation",
      "Date": "2025-03-05",
      "Authors@R": "c(person(\"Catherine\", \"Loader\", role = \"aut\"), person(\"Jiayang\", \"Sun\", role = \"ctb\"), person(\"Lucent Technologies\", role = \"cph\"), person(\"Andy\", \"Liaw\", role = \"cre\",  email=\"andy_liaw@merck.com\"))",
      "Author": "Catherine Loader [aut], Jiayang Sun [ctb], Lucent Technologies [cph], Andy Liaw [cre]",
      "Maintainer": "Andy Liaw <andy_liaw@merck.com>",
      "Description": "Local regression, likelihood and density estimation methods as described in the 1999 book by Loader.",
      "Depends": [
        "R (>= 4.1.0)"
      ],
      "Imports": [
        "lattice"
      ],
      "Suggests": [
        "interp",
        "gam"
      ],
      "License": "GPL (>= 2)",
      "SystemRequirements": "USE_C17",
      "NeedsCompilation": "yes",
      "Repository": "https://packagemanager.posit.co/cran/latest",
      "Encoding": "UTF-8"
    },
    "renv": {
      "Package": "renv",
      "Version": "1.1.4",
      "Source": "Repository",
      "Type": "Package",
      "Title": "Project Environments",
      "Authors@R": "c( person(\"Kevin\", \"Ushey\", role = c(\"aut\", \"cre\"), email = \"kevin@rstudio.com\", comment = c(ORCID = \"0000-0003-2880-7407\")), person(\"Hadley\", \"Wickham\", role = c(\"aut\"), email = \"hadley@rstudio.com\", comment = c(ORCID = \"0000-0003-4757-117X\")), person(\"Posit Software, PBC\", role = c(\"cph\", \"fnd\")) )",
      "Description": "A dependency management toolkit for R. Using 'renv', you can create and manage project-local R libraries, save the state of these libraries to a 'lockfile', and later restore your library as required. Together, these tools can help make your projects more isolated, portable, and reproducible.",
      "License": "MIT + file LICENSE",
      "URL": "https://rstudio.github.io/renv/, https://github.com/rstudio/renv",
      "BugReports": "https://github.com/rstudio/renv/issues",
      "Imports": [
        "utils"
      ],
      "Suggests": [
        "BiocManager",
        "cli",
        "compiler",
        "covr",
        "cpp11",
        "devtools",
        "gitcreds",
        "jsonlite",
        "jsonvalidate",
        "knitr",
        "miniUI",
        "modules",
        "packrat",
        "pak",
        "R6",
        "remotes",
        "reticulate",
        "rmarkdown",
        "rstudioapi",
        "shiny",
        "testthat",
        "uuid",
        "waldo",
        "yaml",
        "webfakes"
      ],
      "Encoding": "UTF-8",
      "RoxygenNote": "7.3.2",
      "VignetteBuilder": "knitr",
      "Config/Needs/website": "tidyverse/tidytemplate",
      "Config/testthat/edition": "3",
      "Config/testthat/parallel": "true",
      "Config/testthat/start-first": "bioconductor,python,install,restore,snapshot,retrieve,remotes",
      "NeedsCompilation": "no",
      "Author": "Kevin Ushey [aut, cre] (<https://orcid.org/0000-0003-2880-7407>), Hadley Wickham [aut] (<https://orcid.org/0000-0003-4757-117X>), Posit Software, PBC [cph, fnd]",
      "Maintainer": "Kevin Ushey <kevin@rstudio.com>",
      "Repository": "CRAN"
    },
    "statmod": {
      "Package": "statmod",
      "Version": "1.5.0",
      "Source": "Repository",
      "Date": "2022-12-28",
      "Title": "Statistical Modeling",
      "Author": "Gordon Smyth [cre, aut], Lizhong Chen [aut], Yifang Hu [ctb], Peter Dunn [ctb], Belinda Phipson [ctb], Yunshun Chen [ctb]",
      "Maintainer": "Gordon Smyth <smyth@wehi.edu.au>",
      "Depends": [
        "R (>= 3.0.0)"
      ],
      "Imports": [
        "stats",
        "graphics"
      ],
      "Suggests": [
        "MASS",
        "tweedie"
      ],
      "Description": "A collection of algorithms and functions to aid statistical modeling. Includes limiting dilution analysis (aka ELDA), growth curve comparisons, mixed linear models, heteroscedastic regression, inverse-Gaussian probability calculations, Gauss quadrature and a secure convergence algorithm for nonlinear models. Also includes advanced generalized linear model functions including Tweedie and Digamma distributional families, secure convergence and exact distributional calculations for unit deviances.",
      "License": "GPL-2 | GPL-3",
      "NeedsCompilation": "yes",
      "Repository": "https://packagemanager.posit.co/cran/latest",
      "Encoding": "UTF-8"
    }
  }
}
